// !$*UTF8*$!
{
	archiveVersion = 1;
	classes = {
	};
	objectVersion = 55;
	objects = {

/* Begin PBXBuildFile section */
		A9492B1127F7E957009FDCA1 /* AppDelegate.swift in Sources */ = {isa = PBXBuildFile; fileRef = A9492B1027F7E957009FDCA1 /* AppDelegate.swift */; };
		A9492B1327F7E957009FDCA1 /* SceneDelegate.swift in Sources */ = {isa = PBXBuildFile; fileRef = A9492B1227F7E957009FDCA1 /* SceneDelegate.swift */; };
		A9492B1527F7E957009FDCA1 /* SearchViewController.swift in Sources */ = {isa = PBXBuildFile; fileRef = A9492B1427F7E957009FDCA1 /* SearchViewController.swift */; };
		A9492B1827F7E957009FDCA1 /* Main.storyboard in Resources */ = {isa = PBXBuildFile; fileRef = A9492B1627F7E957009FDCA1 /* Main.storyboard */; };
		A9492B1A27F7E95B009FDCA1 /* Assets.xcassets in Resources */ = {isa = PBXBuildFile; fileRef = A9492B1927F7E95B009FDCA1 /* Assets.xcassets */; };
		A9492B2A27F7FA69009FDCA1 /* SearchResult.swift in Sources */ = {isa = PBXBuildFile; fileRef = A9492B2927F7FA69009FDCA1 /* SearchResult.swift */; };
		A9492B2C27FA7E8B009FDCA1 /* SearchResultCell.xib in Resources */ = {isa = PBXBuildFile; fileRef = A9492B2B27FA7E8B009FDCA1 /* SearchResultCell.xib */; };
		A9492B2E27FA84BE009FDCA1 /* SearchResultCell.swift in Sources */ = {isa = PBXBuildFile; fileRef = A9492B2D27FA84BE009FDCA1 /* SearchResultCell.swift */; };
		A9492B3027FA87D4009FDCA1 /* NothingFoundCell.xib in Resources */ = {isa = PBXBuildFile; fileRef = A9492B2F27FA87D4009FDCA1 /* NothingFoundCell.xib */; };
		A9492B3627FBD396009FDCA1 /* LoadingCell.xib in Resources */ = {isa = PBXBuildFile; fileRef = A9492B3527FBD396009FDCA1 /* LoadingCell.xib */; };
		A9492B3927FD1E90009FDCA1 /* UIImageView+DownloadImage.swift in Sources */ = {isa = PBXBuildFile; fileRef = A9492B3827FD1E90009FDCA1 /* UIImageView+DownloadImage.swift */; };
		A9492B3B27FD2590009FDCA1 /* DetailViewController.swift in Sources */ = {isa = PBXBuildFile; fileRef = A9492B3A27FD2590009FDCA1 /* DetailViewController.swift */; };
		A9492B3D27FE9509009FDCA1 /* GradientView.swift in Sources */ = {isa = PBXBuildFile; fileRef = A9492B3C27FE9509009FDCA1 /* GradientView.swift */; };
		A9492B4027FE97D4009FDCA1 /* BounceAnimationController.swift in Sources */ = {isa = PBXBuildFile; fileRef = A9492B3F27FE97D4009FDCA1 /* BounceAnimationController.swift */; };
		A9492B4227FE9B22009FDCA1 /* SlideOutAnimationController.swift in Sources */ = {isa = PBXBuildFile; fileRef = A9492B4127FE9B22009FDCA1 /* SlideOutAnimationController.swift */; };
/* End PBXBuildFile section */

/* Begin PBXFileReference section */
		A9492B0D27F7E957009FDCA1 /* StoreSearch.app */ = {isa = PBXFileReference; explicitFileType = wrapper.application; includeInIndex = 0; path = StoreSearch.app; sourceTree = BUILT_PRODUCTS_DIR; };
		A9492B1027F7E957009FDCA1 /* AppDelegate.swift */ = {isa = PBXFileReference; lastKnownFileType = sourcecode.swift; path = AppDelegate.swift; sourceTree = "<group>"; };
		A9492B1227F7E957009FDCA1 /* SceneDelegate.swift */ = {isa = PBXFileReference; lastKnownFileType = sourcecode.swift; path = SceneDelegate.swift; sourceTree = "<group>"; };
		A9492B1427F7E957009FDCA1 /* SearchViewController.swift */ = {isa = PBXFileReference; lastKnownFileType = sourcecode.swift; path = SearchViewController.swift; sourceTree = "<group>"; };
		A9492B1727F7E957009FDCA1 /* Base */ = {isa = PBXFileReference; lastKnownFileType = file.storyboard; name = Base; path = Base.lproj/Main.storyboard; sourceTree = "<group>"; };
		A9492B1927F7E95B009FDCA1 /* Assets.xcassets */ = {isa = PBXFileReference; lastKnownFileType = folder.assetcatalog; path = Assets.xcassets; sourceTree = "<group>"; };
		A9492B1E27F7E95B009FDCA1 /* Info.plist */ = {isa = PBXFileReference; lastKnownFileType = text.plist.xml; path = Info.plist; sourceTree = "<group>"; };
		A9492B2927F7FA69009FDCA1 /* SearchResult.swift */ = {isa = PBXFileReference; lastKnownFileType = sourcecode.swift; path = SearchResult.swift; sourceTree = "<group>"; };
		A9492B2B27FA7E8B009FDCA1 /* SearchResultCell.xib */ = {isa = PBXFileReference; lastKnownFileType = file.xib; path = SearchResultCell.xib; sourceTree = "<group>"; };
		A9492B2D27FA84BE009FDCA1 /* SearchResultCell.swift */ = {isa = PBXFileReference; lastKnownFileType = sourcecode.swift; path = SearchResultCell.swift; sourceTree = "<group>"; };
		A9492B2F27FA87D4009FDCA1 /* NothingFoundCell.xib */ = {isa = PBXFileReference; lastKnownFileType = file.xib; path = NothingFoundCell.xib; sourceTree = "<group>"; };
		A9492B3527FBD396009FDCA1 /* LoadingCell.xib */ = {isa = PBXFileReference; lastKnownFileType = file.xib; path = LoadingCell.xib; sourceTree = "<group>"; };
		A9492B3827FD1E90009FDCA1 /* UIImageView+DownloadImage.swift */ = {isa = PBXFileReference; lastKnownFileType = sourcecode.swift; path = "UIImageView+DownloadImage.swift"; sourceTree = "<group>"; };
		A9492B3A27FD2590009FDCA1 /* DetailViewController.swift */ = {isa = PBXFileReference; lastKnownFileType = sourcecode.swift; path = DetailViewController.swift; sourceTree = "<group>"; };
		A9492B3C27FE9509009FDCA1 /* GradientView.swift */ = {isa = PBXFileReference; lastKnownFileType = sourcecode.swift; path = GradientView.swift; sourceTree = "<group>"; };
		A9492B3F27FE97D4009FDCA1 /* BounceAnimationController.swift */ = {isa = PBXFileReference; lastKnownFileType = sourcecode.swift; path = BounceAnimationController.swift; sourceTree = "<group>"; };
		A9492B4127FE9B22009FDCA1 /* SlideOutAnimationController.swift */ = {isa = PBXFileReference; lastKnownFileType = sourcecode.swift; path = SlideOutAnimationController.swift; sourceTree = "<group>"; };
/* End PBXFileReference section */

/* Begin PBXFrameworksBuildPhase section */
		A9492B0A27F7E957009FDCA1 /* Frameworks */ = {
			isa = PBXFrameworksBuildPhase;
			buildActionMask = 2147483647;
			files = (
			);
			runOnlyForDeploymentPostprocessing = 0;
		};
/* End PBXFrameworksBuildPhase section */

/* Begin PBXGroup section */
		A9492B0427F7E957009FDCA1 = {
			isa = PBXGroup;
			children = (
				A9492B0F27F7E957009FDCA1 /* StoreSearch */,
				A9492B0E27F7E957009FDCA1 /* Products */,
			);
			sourceTree = "<group>";
		};
		A9492B0E27F7E957009FDCA1 /* Products */ = {
			isa = PBXGroup;
			children = (
				A9492B0D27F7E957009FDCA1 /* StoreSearch.app */,
			);
			name = Products;
			sourceTree = "<group>";
		};
		A9492B0F27F7E957009FDCA1 /* StoreSearch */ = {
			isa = PBXGroup;
			children = (
				A9492B2427F7EA22009FDCA1 /* App */,
				A9492B2627F7EA44009FDCA1 /* Storyboards */,
				A9492B2827F7F498009FDCA1 /* Model */,
				A9492B2527F7EA2E009FDCA1 /* UI */,
				A9492B1E27F7E95B009FDCA1 /* Info.plist */,
			);
			path = StoreSearch;
			sourceTree = "<group>";
		};
		A9492B2427F7EA22009FDCA1 /* App */ = {
			isa = PBXGroup;
			children = (
				A9492B1027F7E957009FDCA1 /* AppDelegate.swift */,
				A9492B1227F7E957009FDCA1 /* SceneDelegate.swift */,
				A9492B2727F7EA61009FDCA1 /* Resources */,
			);
			path = App;
			sourceTree = "<group>";
		};
		A9492B2527F7EA2E009FDCA1 /* UI */ = {
			isa = PBXGroup;
			children = (
				A9492B3E27FE97BE009FDCA1 /* Animation */,
				A9492B3427FA897B009FDCA1 /* ViewControllers */,
				A9492B3227FA8967009FDCA1 /* Views */,
			);
			path = UI;
			sourceTree = "<group>";
		};
		A9492B2627F7EA44009FDCA1 /* Storyboards */ = {
			isa = PBXGroup;
			children = (
				A9492B1627F7E957009FDCA1 /* Main.storyboard */,
				A9492B3127FA8858009FDCA1 /* Cells */,
			);
			path = Storyboards;
			sourceTree = "<group>";
		};
		A9492B2727F7EA61009FDCA1 /* Resources */ = {
			isa = PBXGroup;
			children = (
				A9492B3727FD1E69009FDCA1 /* Extensions */,
				A9492B1927F7E95B009FDCA1 /* Assets.xcassets */,
			);
			path = Resources;
			sourceTree = "<group>";
		};
		A9492B2827F7F498009FDCA1 /* Model */ = {
			isa = PBXGroup;
			children = (
				A9492B2927F7FA69009FDCA1 /* SearchResult.swift */,
			);
			path = Model;
			sourceTree = "<group>";
		};
		A9492B3127FA8858009FDCA1 /* Cells */ = {
			isa = PBXGroup;
			children = (
				A9492B2B27FA7E8B009FDCA1 /* SearchResultCell.xib */,
				A9492B2F27FA87D4009FDCA1 /* NothingFoundCell.xib */,
				A9492B3527FBD396009FDCA1 /* LoadingCell.xib */,
			);
			path = Cells;
			sourceTree = "<group>";
		};
		A9492B3227FA8967009FDCA1 /* Views */ = {
			isa = PBXGroup;
			children = (
				A9492B3C27FE9509009FDCA1 /* GradientView.swift */,
				A9492B3327FA896E009FDCA1 /* Cells */,
			);
			path = Views;
			sourceTree = "<group>";
		};
		A9492B3327FA896E009FDCA1 /* Cells */ = {
			isa = PBXGroup;
			children = (
				A9492B2D27FA84BE009FDCA1 /* SearchResultCell.swift */,
			);
			path = Cells;
			sourceTree = "<group>";
		};
		A9492B3427FA897B009FDCA1 /* ViewControllers */ = {
			isa = PBXGroup;
			children = (
				A9492B1427F7E957009FDCA1 /* SearchViewController.swift */,
				A9492B3A27FD2590009FDCA1 /* DetailViewController.swift */,
			);
			path = ViewControllers;
			sourceTree = "<group>";
		};
		A9492B3727FD1E69009FDCA1 /* Extensions */ = {
			isa = PBXGroup;
			children = (
				A9492B3827FD1E90009FDCA1 /* UIImageView+DownloadImage.swift */,
			);
			path = Extensions;
			sourceTree = "<group>";
		};
		A9492B3E27FE97BE009FDCA1 /* Animation */ = {
			isa = PBXGroup;
			children = (
				A9492B3F27FE97D4009FDCA1 /* BounceAnimationController.swift */,
				A9492B4127FE9B22009FDCA1 /* SlideOutAnimationController.swift */,
			);
			path = Animation;
			sourceTree = "<group>";
		};
/* End PBXGroup section */

/* Begin PBXNativeTarget section */
		A9492B0C27F7E957009FDCA1 /* StoreSearch */ = {
			isa = PBXNativeTarget;
			buildConfigurationList = A9492B2127F7E95B009FDCA1 /* Build configuration list for PBXNativeTarget "StoreSearch" */;
			buildPhases = (
				A9492B0927F7E957009FDCA1 /* Sources */,
				A9492B0A27F7E957009FDCA1 /* Frameworks */,
				A9492B0B27F7E957009FDCA1 /* Resources */,
			);
			buildRules = (
			);
			dependencies = (
			);
			name = StoreSearch;
			productName = StoreSearch;
			productReference = A9492B0D27F7E957009FDCA1 /* StoreSearch.app */;
			productType = "com.apple.product-type.application";
		};
/* End PBXNativeTarget section */

/* Begin PBXProject section */
		A9492B0527F7E957009FDCA1 /* Project object */ = {
			isa = PBXProject;
			attributes = {
				BuildIndependentTargetsInParallel = 1;
				LastSwiftUpdateCheck = 1330;
				LastUpgradeCheck = 1330;
				TargetAttributes = {
					A9492B0C27F7E957009FDCA1 = {
						CreatedOnToolsVersion = 13.3;
					};
				};
			};
			buildConfigurationList = A9492B0827F7E957009FDCA1 /* Build configuration list for PBXProject "StoreSearch" */;
			compatibilityVersion = "Xcode 13.0";
			developmentRegion = en;
			hasScannedForEncodings = 0;
			knownRegions = (
				en,
				Base,
			);
			mainGroup = A9492B0427F7E957009FDCA1;
			productRefGroup = A9492B0E27F7E957009FDCA1 /* Products */;
			projectDirPath = "";
			projectRoot = "";
			targets = (
				A9492B0C27F7E957009FDCA1 /* StoreSearch */,
			);
		};
/* End PBXProject section */

/* Begin PBXResourcesBuildPhase section */
		A9492B0B27F7E957009FDCA1 /* Resources */ = {
			isa = PBXResourcesBuildPhase;
			buildActionMask = 2147483647;
			files = (
				A9492B1A27F7E95B009FDCA1 /* Assets.xcassets in Resources */,
				A9492B3627FBD396009FDCA1 /* LoadingCell.xib in Resources */,
				A9492B2C27FA7E8B009FDCA1 /* SearchResultCell.xib in Resources */,
				A9492B3027FA87D4009FDCA1 /* NothingFoundCell.xib in Resources */,
				A9492B1827F7E957009FDCA1 /* Main.storyboard in Resources */,
			);
			runOnlyForDeploymentPostprocessing = 0;
		};
/* End PBXResourcesBuildPhase section */

/* Begin PBXSourcesBuildPhase section */
		A9492B0927F7E957009FDCA1 /* Sources */ = {
			isa = PBXSourcesBuildPhase;
			buildActionMask = 2147483647;
			files = (
				A9492B1527F7E957009FDCA1 /* SearchViewController.swift in Sources */,
				A9492B1127F7E957009FDCA1 /* AppDelegate.swift in Sources */,
				A9492B3927FD1E90009FDCA1 /* UIImageView+DownloadImage.swift in Sources */,
				A9492B2A27F7FA69009FDCA1 /* SearchResult.swift in Sources */,
				A9492B4027FE97D4009FDCA1 /* BounceAnimationController.swift in Sources */,
				A9492B1327F7E957009FDCA1 /* SceneDelegate.swift in Sources */,
				A9492B2E27FA84BE009FDCA1 /* SearchResultCell.swift in Sources */,
				A9492B3D27FE9509009FDCA1 /* GradientView.swift in Sources */,
				A9492B3B27FD2590009FDCA1 /* DetailViewController.swift in Sources */,
				A9492B4227FE9B22009FDCA1 /* SlideOutAnimationController.swift in Sources */,
			);
			runOnlyForDeploymentPostprocessing = 0;
		};
/* End PBXSourcesBuildPhase section */

/* Begin PBXVariantGroup section */
		A9492B1627F7E957009FDCA1 /* Main.storyboard */ = {
			isa = PBXVariantGroup;
			children = (
				A9492B1727F7E957009FDCA1 /* Base */,
			);
			name = Main.storyboard;
			sourceTree = "<group>";
		};
/* End PBXVariantGroup section */

/* Begin XCBuildConfiguration section */
		A9492B1F27F7E95B009FDCA1 /* Debug */ = {
			isa = XCBuildConfiguration;
			buildSettings = {
				ALWAYS_SEARCH_USER_PATHS = NO;
				CLANG_ANALYZER_NONNULL = YES;
				CLANG_ANALYZER_NUMBER_OBJECT_CONVERSION = YES_AGGRESSIVE;
				CLANG_CXX_LANGUAGE_STANDARD = "gnu++17";
				CLANG_ENABLE_MODULES = YES;
				CLANG_ENABLE_OBJC_ARC = YES;
				CLANG_ENABLE_OBJC_WEAK = YES;
				CLANG_WARN_BLOCK_CAPTURE_AUTORELEASING = YES;
				CLANG_WARN_BOOL_CONVERSION = YES;
				CLANG_WARN_COMMA = YES;
				CLANG_WARN_CONSTANT_CONVERSION = YES;
				CLANG_WARN_DEPRECATED_OBJC_IMPLEMENTATIONS = YES;
				CLANG_WARN_DIRECT_OBJC_ISA_USAGE = YES_ERROR;
				CLANG_WARN_DOCUMENTATION_COMMENTS = YES;
				CLANG_WARN_EMPTY_BODY = YES;
				CLANG_WARN_ENUM_CONVERSION = YES;
				CLANG_WARN_INFINITE_RECURSION = YES;
				CLANG_WARN_INT_CONVERSION = YES;
				CLANG_WARN_NON_LITERAL_NULL_CONVERSION = YES;
				CLANG_WARN_OBJC_IMPLICIT_RETAIN_SELF = YES;
				CLANG_WARN_OBJC_LITERAL_CONVERSION = YES;
				CLANG_WARN_OBJC_ROOT_CLASS = YES_ERROR;
				CLANG_WARN_QUOTED_INCLUDE_IN_FRAMEWORK_HEADER = YES;
				CLANG_WARN_RANGE_LOOP_ANALYSIS = YES;
				CLANG_WARN_STRICT_PROTOTYPES = YES;
				CLANG_WARN_SUSPICIOUS_MOVE = YES;
				CLANG_WARN_UNGUARDED_AVAILABILITY = YES_AGGRESSIVE;
				CLANG_WARN_UNREACHABLE_CODE = YES;
				CLANG_WARN__DUPLICATE_METHOD_MATCH = YES;
				COPY_PHASE_STRIP = NO;
				DEBUG_INFORMATION_FORMAT = dwarf;
				ENABLE_STRICT_OBJC_MSGSEND = YES;
				ENABLE_TESTABILITY = YES;
				GCC_C_LANGUAGE_STANDARD = gnu11;
				GCC_DYNAMIC_NO_PIC = NO;
				GCC_NO_COMMON_BLOCKS = YES;
				GCC_OPTIMIZATION_LEVEL = 0;
				GCC_PREPROCESSOR_DEFINITIONS = (
					"DEBUG=1",
					"$(inherited)",
				);
				GCC_WARN_64_TO_32_BIT_CONVERSION = YES;
				GCC_WARN_ABOUT_RETURN_TYPE = YES_ERROR;
				GCC_WARN_UNDECLARED_SELECTOR = YES;
				GCC_WARN_UNINITIALIZED_AUTOS = YES_AGGRESSIVE;
				GCC_WARN_UNUSED_FUNCTION = YES;
				GCC_WARN_UNUSED_VARIABLE = YES;
				IPHONEOS_DEPLOYMENT_TARGET = 15.4;
				MTL_ENABLE_DEBUG_INFO = INCLUDE_SOURCE;
				MTL_FAST_MATH = YES;
				ONLY_ACTIVE_ARCH = YES;
				SDKROOT = iphoneos;
				SWIFT_ACTIVE_COMPILATION_CONDITIONS = DEBUG;
				SWIFT_OPTIMIZATION_LEVEL = "-Onone";
			};
			name = Debug;
		};
		A9492B2027F7E95B009FDCA1 /* Release */ = {
			isa = XCBuildConfiguration;
			buildSettings = {
				ALWAYS_SEARCH_USER_PATHS = NO;
				CLANG_ANALYZER_NONNULL = YES;
				CLANG_ANALYZER_NUMBER_OBJECT_CONVERSION = YES_AGGRESSIVE;
				CLANG_CXX_LANGUAGE_STANDARD = "gnu++17";
				CLANG_ENABLE_MODULES = YES;
				CLANG_ENABLE_OBJC_ARC = YES;
				CLANG_ENABLE_OBJC_WEAK = YES;
				CLANG_WARN_BLOCK_CAPTURE_AUTORELEASING = YES;
				CLANG_WARN_BOOL_CONVERSION = YES;
				CLANG_WARN_COMMA = YES;
				CLANG_WARN_CONSTANT_CONVERSION = YES;
				CLANG_WARN_DEPRECATED_OBJC_IMPLEMENTATIONS = YES;
				CLANG_WARN_DIRECT_OBJC_ISA_USAGE = YES_ERROR;
				CLANG_WARN_DOCUMENTATION_COMMENTS = YES;
				CLANG_WARN_EMPTY_BODY = YES;
				CLANG_WARN_ENUM_CONVERSION = YES;
				CLANG_WARN_INFINITE_RECURSION = YES;
				CLANG_WARN_INT_CONVERSION = YES;
				CLANG_WARN_NON_LITERAL_NULL_CONVERSION = YES;
				CLANG_WARN_OBJC_IMPLICIT_RETAIN_SELF = YES;
				CLANG_WARN_OBJC_LITERAL_CONVERSION = YES;
				CLANG_WARN_OBJC_ROOT_CLASS = YES_ERROR;
				CLANG_WARN_QUOTED_INCLUDE_IN_FRAMEWORK_HEADER = YES;
				CLANG_WARN_RANGE_LOOP_ANALYSIS = YES;
				CLANG_WARN_STRICT_PROTOTYPES = YES;
				CLANG_WARN_SUSPICIOUS_MOVE = YES;
				CLANG_WARN_UNGUARDED_AVAILABILITY = YES_AGGRESSIVE;
				CLANG_WARN_UNREACHABLE_CODE = YES;
				CLANG_WARN__DUPLICATE_METHOD_MATCH = YES;
				COPY_PHASE_STRIP = NO;
				DEBUG_INFORMATION_FORMAT = "dwarf-with-dsym";
				ENABLE_NS_ASSERTIONS = NO;
				ENABLE_STRICT_OBJC_MSGSEND = YES;
				GCC_C_LANGUAGE_STANDARD = gnu11;
				GCC_NO_COMMON_BLOCKS = YES;
				GCC_WARN_64_TO_32_BIT_CONVERSION = YES;
				GCC_WARN_ABOUT_RETURN_TYPE = YES_ERROR;
				GCC_WARN_UNDECLARED_SELECTOR = YES;
				GCC_WARN_UNINITIALIZED_AUTOS = YES_AGGRESSIVE;
				GCC_WARN_UNUSED_FUNCTION = YES;
				GCC_WARN_UNUSED_VARIABLE = YES;
				IPHONEOS_DEPLOYMENT_TARGET = 15.4;
				MTL_ENABLE_DEBUG_INFO = NO;
				MTL_FAST_MATH = YES;
				SDKROOT = iphoneos;
				SWIFT_COMPILATION_MODE = wholemodule;
				SWIFT_OPTIMIZATION_LEVEL = "-O";
				VALIDATE_PRODUCT = YES;
			};
			name = Release;
		};
		A9492B2227F7E95B009FDCA1 /* Debug */ = {
			isa = XCBuildConfiguration;
			buildSettings = {
				ASSETCATALOG_COMPILER_APPICON_NAME = AppIcon;
				ASSETCATALOG_COMPILER_GLOBAL_ACCENT_COLOR_NAME = AccentColor;
				CODE_SIGN_STYLE = Automatic;
				CURRENT_PROJECT_VERSION = 1;
				DEVELOPMENT_TEAM = 856MTFRCV6;
				GENERATE_INFOPLIST_FILE = YES;
				INFOPLIST_FILE = StoreSearch/Info.plist;
				INFOPLIST_KEY_UIApplicationSupportsIndirectInputEvents = YES;
				INFOPLIST_KEY_UILaunchStoryboardName = Main;
				INFOPLIST_KEY_UIMainStoryboardFile = Main;
				INFOPLIST_KEY_UISupportedInterfaceOrientations_iPad = "UIInterfaceOrientationPortrait UIInterfaceOrientationPortraitUpsideDown UIInterfaceOrientationLandscapeLeft UIInterfaceOrientationLandscapeRight";
				INFOPLIST_KEY_UISupportedInterfaceOrientations_iPhone = "UIInterfaceOrientationPortrait UIInterfaceOrientationLandscapeLeft UIInterfaceOrientationLandscapeRight";
				LD_RUNPATH_SEARCH_PATHS = (
					"$(inherited)",
					"@executable_path/Frameworks",
				);
				MARKETING_VERSION = 1.0;
				PRODUCT_BUNDLE_IDENTIFIER = com.jhm.StoreSearch;
				PRODUCT_NAME = "$(TARGET_NAME)";
				SWIFT_EMIT_LOC_STRINGS = YES;
				SWIFT_VERSION = 5.0;
				TARGETED_DEVICE_FAMILY = "1,2";
			};
			name = Debug;
		};
		A9492B2327F7E95B009FDCA1 /* Release */ = {
			isa = XCBuildConfiguration;
			buildSettings = {
				ASSETCATALOG_COMPILER_APPICON_NAME = AppIcon;
				ASSETCATALOG_COMPILER_GLOBAL_ACCENT_COLOR_NAME = AccentColor;
				CODE_SIGN_STYLE = Automatic;
				CURRENT_PROJECT_VERSION = 1;
				DEVELOPMENT_TEAM = 856MTFRCV6;
				GENERATE_INFOPLIST_FILE = YES;
				INFOPLIST_FILE = StoreSearch/Info.plist;
				INFOPLIST_KEY_UIApplicationSupportsIndirectInputEvents = YES;
				INFOPLIST_KEY_UILaunchStoryboardName = Main;
				INFOPLIST_KEY_UIMainStoryboardFile = Main;
				INFOPLIST_KEY_UISupportedInterfaceOrientations_iPad = "UIInterfaceOrientationPortrait UIInterfaceOrientationPortraitUpsideDown UIInterfaceOrientationLandscapeLeft UIInterfaceOrientationLandscapeRight";
				INFOPLIST_KEY_UISupportedInterfaceOrientations_iPhone = "UIInterfaceOrientationPortrait UIInterfaceOrientationLandscapeLeft UIInterfaceOrientationLandscapeRight";
				LD_RUNPATH_SEARCH_PATHS = (
					"$(inherited)",
					"@executable_path/Frameworks",
				);
				MARKETING_VERSION = 1.0;
				PRODUCT_BUNDLE_IDENTIFIER = com.jhm.StoreSearch;
				PRODUCT_NAME = "$(TARGET_NAME)";
				SWIFT_EMIT_LOC_STRINGS = YES;
				SWIFT_VERSION = 5.0;
				TARGETED_DEVICE_FAMILY = "1,2";
			};
			name = Release;
		};
/* End XCBuildConfiguration section */

/* Begin XCConfigurationList section */
		A9492B0827F7E957009FDCA1 /* Build configuration list for PBXProject "StoreSearch" */ = {
			isa = XCConfigurationList;
			buildConfigurations = (
				A9492B1F27F7E95B009FDCA1 /* Debug */,
				A9492B2027F7E95B009FDCA1 /* Release */,
			);
			defaultConfigurationIsVisible = 0;
			defaultConfigurationName = Release;
		};
		A9492B2127F7E95B009FDCA1 /* Build configuration list for PBXNativeTarget "StoreSearch" */ = {
			isa = XCConfigurationList;
			buildConfigurations = (
				A9492B2227F7E95B009FDCA1 /* Debug */,
				A9492B2327F7E95B009FDCA1 /* Release */,
			);
			defaultConfigurationIsVisible = 0;
			defaultConfigurationName = Release;
		};
/* End XCConfigurationList section */
	};
	rootObject = A9492B0527F7E957009FDCA1 /* Project object */;
}
